
Microsoft Visual Studio Solution File, Format Version 12.00
# Visual Studio Version 17
VisualStudioVersion = 17.14.36705.20 d17.14
MinimumVisualStudioVersion = 10.0.40219.1
Project("{FAE04EC0-301F-11D3-BF4B-00C04F79EFBC}") = "WinFormsApp1", "WinFormsApp1.csproj", "{E38F10E7-92A1-4ADC-915D-BF2FB00B731E}"
EndProject
Global
	GlobalSection(SolutionConfigurationPlatforms) = preSolution
		Debug|Any CPU = Debug|Any CPU
		Release|Any CPU = Release|Any CPU
	EndGlobalSection
	GlobalSection(ProjectConfigurationPlatforms) = postSolution
		{E38F10E7-92A1-4ADC-915D-BF2FB00B731E}.Debug|Any CPU.ActiveCfg = Debug|Any CPU
		{E38F10E7-92A1-4ADC-915D-BF2FB00B731E}.Debug|Any CPU.Build.0 = Debug|Any CPU
		{E38F10E7-92A1-4ADC-915D-BF2FB00B731E}.Release|Any CPU.ActiveCfg = Release|Any CPU
		{E38F10E7-92A1-4ADC-915D-BF2FB00B731E}.Release|Any CPU.Build.0 = Release|Any CPU
	EndGlobalSection
	GlobalSection(SolutionProperties) = preSolution
		HideSolutionNode = FALSE
	EndGlobalSection
	GlobalSection(ExtensibilityGlobals) = postSolution
		SolutionGuid = {10102E39-5895-4725-AA80-452160BA3506}
	EndGlobalSection
EndGlobal
